
Microsoft Visual Studio Solution File, Format Version 12.00
# Visual Studio Version 17
VisualStudioVersion = 17.1.32421.90
MinimumVisualStudioVersion = 10.0.40219.1
Project("{2150E333-8FDC-42A3-9474-1A3956D46DE8}") = "src", "src", "{3B0EEBB2-05E6-4473-BAC2-44498D25553A}"
EndProject
Project("{2150E333-8FDC-42A3-9474-1A3956D46DE8}") = "tests", "tests", "{6207BE28-D08D-45F5-A26F-D48729A414EB}"
EndProject
Project("{2150E333-8FDC-42A3-9474-1A3956D46DE8}") = "1-Presentation", "1-Presentation", "{2D6358FF-2A5A-4C48-89C2-E837805C487A}"
EndProject
Project("{2150E333-8FDC-42A3-9474-1A3956D46DE8}") = "2-Core", "2-Core", "{02DAE4DD-AE09-4132-96DA-8C651E6D8C7E}"
EndProject
Project("{FAE04EC0-301F-11D3-BF4B-00C04F79EFBC}") = "Dataplace.Imersao.Core", "src\Dataplace.Imersao.Core\Dataplace.Imersao.Core.csproj", "{6840C00F-A1C8-4542-A089-D033BB28813B}"
EndProject
Project("{FAE04EC0-301F-11D3-BF4B-00C04F79EFBC}") = "Dataplace.Imersao.Core.Tests", "tests\Dataplace.Imersao.Core.Tests\Dataplace.Imersao.Core.Tests.csproj", "{10164F3D-5956-4E40-85FA-26D51CD71FC8}"
EndProject
Global
	GlobalSection(SolutionConfigurationPlatforms) = preSolution
		Debug|Any CPU = Debug|Any CPU
		Release|Any CPU = Release|Any CPU
	EndGlobalSection
	GlobalSection(ProjectConfigurationPlatforms) = postSolution
		{6840C00F-A1C8-4542-A089-D033BB28813B}.Debug|Any CPU.ActiveCfg = Debug|Any CPU
		{6840C00F-A1C8-4542-A089-D033BB28813B}.Debug|Any CPU.Build.0 = Debug|Any CPU
		{6840C00F-A1C8-4542-A089-D033BB28813B}.Release|Any CPU.ActiveCfg = Release|Any CPU
		{6840C00F-A1C8-4542-A089-D033BB28813B}.Release|Any CPU.Build.0 = Release|Any CPU
		{10164F3D-5956-4E40-85FA-26D51CD71FC8}.Debug|Any CPU.ActiveCfg = Debug|Any CPU
		{10164F3D-5956-4E40-85FA-26D51CD71FC8}.Debug|Any CPU.Build.0 = Debug|Any CPU
		{10164F3D-5956-4E40-85FA-26D51CD71FC8}.Release|Any CPU.ActiveCfg = Release|Any CPU
		{10164F3D-5956-4E40-85FA-26D51CD71FC8}.Release|Any CPU.Build.0 = Release|Any CPU
	EndGlobalSection
	GlobalSection(SolutionProperties) = preSolution
		HideSolutionNode = FALSE
	EndGlobalSection
	GlobalSection(NestedProjects) = preSolution
		{2D6358FF-2A5A-4C48-89C2-E837805C487A} = {3B0EEBB2-05E6-4473-BAC2-44498D25553A}
		{02DAE4DD-AE09-4132-96DA-8C651E6D8C7E} = {3B0EEBB2-05E6-4473-BAC2-44498D25553A}
		{6840C00F-A1C8-4542-A089-D033BB28813B} = {02DAE4DD-AE09-4132-96DA-8C651E6D8C7E}
		{10164F3D-5956-4E40-85FA-26D51CD71FC8} = {6207BE28-D08D-45F5-A26F-D48729A414EB}
	EndGlobalSection
	GlobalSection(ExtensibilityGlobals) = postSolution
		SolutionGuid = {46A9D56D-B78C-4DB6-A441-FA2EC7FF47AB}
	EndGlobalSection
EndGlobal
